
Microsoft Visual Studio Solution File, Format Version 12.00
# Visual Studio 14
VisualStudioVersion = 14.0.25420.1
MinimumVisualStudioVersion = 10.0.40219.1
Project("{FAE04EC0-301F-11D3-BF4B-00C04F79EFBC}") = "Orthogonal Triangle", "Orthogonal Triangle\Orthogonal Triangle.csproj", "{572142D7-2BF9-46F6-95B7-9AB7E2080A82}"
EndProject
Global
	GlobalSection(SolutionConfigurationPlatforms) = preSolution
		Debug|Any CPU = Debug|Any CPU
		Release|Any CPU = Release|Any CPU
	EndGlobalSection
	GlobalSection(ProjectConfigurationPlatforms) = postSolution
		{572142D7-2BF9-46F6-95B7-9AB7E2080A82}.Debug|Any CPU.ActiveCfg = Debug|Any CPU
		{572142D7-2BF9-46F6-95B7-9AB7E2080A82}.Debug|Any CPU.Build.0 = Debug|Any CPU
		{572142D7-2BF9-46F6-95B7-9AB7E2080A82}.Release|Any CPU.ActiveCfg = Release|Any CPU
		{572142D7-2BF9-46F6-95B7-9AB7E2080A82}.Release|Any CPU.Build.0 = Release|Any CPU
	EndGlobalSection
	GlobalSection(SolutionProperties) = preSolution
		HideSolutionNode = FALSE
	EndGlobalSection
EndGlobal
